
Microsoft Visual Studio Solution File, Format Version 12.00
# Visual Studio Version 16
VisualStudioVersion = 16.0.31205.134
MinimumVisualStudioVersion = 10.0.40219.1
Project("{FAE04EC0-301F-11D3-BF4B-00C04F79EFBC}") = "LineSegmentsIntersect", "LineSegmentsIntersect\LineSegmentsIntersect.csproj", "{CFF9AB5F-831D-4B46-A027-236B82D275D6}"
EndProject
Global
	GlobalSection(SolutionConfigurationPlatforms) = preSolution
		Debug|Any CPU = Debug|Any CPU
		Release|Any CPU = Release|Any CPU
	EndGlobalSection
	GlobalSection(ProjectConfigurationPlatforms) = postSolution
		{CFF9AB5F-831D-4B46-A027-236B82D275D6}.Debug|Any CPU.ActiveCfg = Debug|Any CPU
		{CFF9AB5F-831D-4B46-A027-236B82D275D6}.Debug|Any CPU.Build.0 = Debug|Any CPU
		{CFF9AB5F-831D-4B46-A027-236B82D275D6}.Release|Any CPU.ActiveCfg = Release|Any CPU
		{CFF9AB5F-831D-4B46-A027-236B82D275D6}.Release|Any CPU.Build.0 = Release|Any CPU
	EndGlobalSection
	GlobalSection(SolutionProperties) = preSolution
		HideSolutionNode = FALSE
	EndGlobalSection
	GlobalSection(ExtensibilityGlobals) = postSolution
		SolutionGuid = {BEE23590-6F7E-40AC-9FF1-EB114F832464}
	EndGlobalSection
EndGlobal
